
Microsoft Visual Studio Solution File, Format Version 12.00
# Visual Studio Version 16
VisualStudioVersion = 16.0.29009.5
MinimumVisualStudioVersion = 10.0.40219.1
Project("{FAE04EC0-301F-11D3-BF4B-00C04F79EFBC}") = "VerticalBinaryTree", "VerticalBinaryTree\VerticalBinaryTree.csproj", "{DE01A8D7-148E-4382-9502-CC7D3259E22D}"
EndProject
Global
	GlobalSection(SolutionConfigurationPlatforms) = preSolution
		Debug|Any CPU = Debug|Any CPU
		Release|Any CPU = Release|Any CPU
	EndGlobalSection
	GlobalSection(ProjectConfigurationPlatforms) = postSolution
		{DE01A8D7-148E-4382-9502-CC7D3259E22D}.Debug|Any CPU.ActiveCfg = Debug|Any CPU
		{DE01A8D7-148E-4382-9502-CC7D3259E22D}.Debug|Any CPU.Build.0 = Debug|Any CPU
		{DE01A8D7-148E-4382-9502-CC7D3259E22D}.Release|Any CPU.ActiveCfg = Release|Any CPU
		{DE01A8D7-148E-4382-9502-CC7D3259E22D}.Release|Any CPU.Build.0 = Release|Any CPU
	EndGlobalSection
	GlobalSection(SolutionProperties) = preSolution
		HideSolutionNode = FALSE
	EndGlobalSection
	GlobalSection(ExtensibilityGlobals) = postSolution
		SolutionGuid = {2D420E8A-4677-452F-9B56-CD5547297507}
	EndGlobalSection
EndGlobal
